
Microsoft Visual Studio Solution File, Format Version 12.00
# Visual Studio 15
VisualStudioVersion = 15.0.28010.2036
MinimumVisualStudioVersion = 10.0.40219.1
Project("{FAE04EC0-301F-11D3-BF4B-00C04F79EFBC}") = "SharpAreaPicker", "SharpAreaPicker\SharpAreaPicker.csproj", "{B9011D0E-EB4C-43DC-B495-CB9F7060E7E5}"
EndProject
Project("{FAE04EC0-301F-11D3-BF4B-00C04F79EFBC}") = "SharpAP_Tester", "SharpAP_Tester\SharpAP_Tester.csproj", "{51FDEB30-6F21-4FBF-884B-88D94327891B}"
EndProject
Global
	GlobalSection(SolutionConfigurationPlatforms) = preSolution
		Debug|Any CPU = Debug|Any CPU
		Release|Any CPU = Release|Any CPU
	EndGlobalSection
	GlobalSection(ProjectConfigurationPlatforms) = postSolution
		{B9011D0E-EB4C-43DC-B495-CB9F7060E7E5}.Debug|Any CPU.ActiveCfg = Debug|Any CPU
		{B9011D0E-EB4C-43DC-B495-CB9F7060E7E5}.Debug|Any CPU.Build.0 = Debug|Any CPU
		{B9011D0E-EB4C-43DC-B495-CB9F7060E7E5}.Release|Any CPU.ActiveCfg = Release|Any CPU
		{B9011D0E-EB4C-43DC-B495-CB9F7060E7E5}.Release|Any CPU.Build.0 = Release|Any CPU
		{51FDEB30-6F21-4FBF-884B-88D94327891B}.Debug|Any CPU.ActiveCfg = Debug|Any CPU
		{51FDEB30-6F21-4FBF-884B-88D94327891B}.Debug|Any CPU.Build.0 = Debug|Any CPU
		{51FDEB30-6F21-4FBF-884B-88D94327891B}.Release|Any CPU.ActiveCfg = Release|Any CPU
		{51FDEB30-6F21-4FBF-884B-88D94327891B}.Release|Any CPU.Build.0 = Release|Any CPU
	EndGlobalSection
	GlobalSection(SolutionProperties) = preSolution
		HideSolutionNode = FALSE
	EndGlobalSection
	GlobalSection(ExtensibilityGlobals) = postSolution
		SolutionGuid = {F1533462-BED8-4F72-AB9B-E22B2B17DD07}
	EndGlobalSection
EndGlobal
